
Microsoft Visual Studio Solution File, Format Version 12.00
# Visual Studio 15
VisualStudioVersion = 15.0.28307.779
MinimumVisualStudioVersion = 10.0.40219.1
Project("{FAE04EC0-301F-11D3-BF4B-00C04F79EFBC}") = "BaseCode", "BaseCode\BaseCode.csproj", "{F2428877-11C7-4E83-B8BB-1324702EEF6E}"
EndProject
Project("{FAE04EC0-301F-11D3-BF4B-00C04F79EFBC}") = "BaseApplication", "BaseApplication\BaseApplication.csproj", "{307183EB-5B39-4975-915C-5C4F1EFB664E}"
EndProject
Global
	GlobalSection(SolutionConfigurationPlatforms) = preSolution
		Debug|Any CPU = Debug|Any CPU
		Release|Any CPU = Release|Any CPU
	EndGlobalSection
	GlobalSection(ProjectConfigurationPlatforms) = postSolution
		{F2428877-11C7-4E83-B8BB-1324702EEF6E}.Debug|Any CPU.ActiveCfg = Debug|Any CPU
		{F2428877-11C7-4E83-B8BB-1324702EEF6E}.Debug|Any CPU.Build.0 = Debug|Any CPU
		{F2428877-11C7-4E83-B8BB-1324702EEF6E}.Release|Any CPU.ActiveCfg = Release|Any CPU
		{F2428877-11C7-4E83-B8BB-1324702EEF6E}.Release|Any CPU.Build.0 = Release|Any CPU
		{307183EB-5B39-4975-915C-5C4F1EFB664E}.Debug|Any CPU.ActiveCfg = Debug|Any CPU
		{307183EB-5B39-4975-915C-5C4F1EFB664E}.Debug|Any CPU.Build.0 = Debug|Any CPU
		{307183EB-5B39-4975-915C-5C4F1EFB664E}.Release|Any CPU.ActiveCfg = Release|Any CPU
		{307183EB-5B39-4975-915C-5C4F1EFB664E}.Release|Any CPU.Build.0 = Release|Any CPU
	EndGlobalSection
	GlobalSection(SolutionProperties) = preSolution
		HideSolutionNode = FALSE
	EndGlobalSection
	GlobalSection(ExtensibilityGlobals) = postSolution
		SolutionGuid = {18E2B099-CED4-4ADB-8CCF-30385371181A}
	EndGlobalSection
EndGlobal
